// !$*UTF8*$!
{
	archiveVersion = 1;
	classes = {
	};
	objectVersion = 55;
	objects = {

/* Begin PBXBuildFile section */
		47240EA0276206DB003A90B0 /* Main.storyboard in Resources */ = {isa = PBXBuildFile; fileRef = 47240E9E276206DB003A90B0 /* Main.storyboard */; };
		472C77702758E51500980DD9 /* Readme.md in Resources */ = {isa = PBXBuildFile; fileRef = 472C776F2758E51500980DD9 /* Readme.md */; };
		474BAD52273DAFBC00B7AA24 /* WebServices.swift in Sources */ = {isa = PBXBuildFile; fileRef = 474BAD51273DAFBC00B7AA24 /* WebServices.swift */; };
		474BAD55273DD07700B7AA24 /* Article.swift in Sources */ = {isa = PBXBuildFile; fileRef = 474BAD54273DD07700B7AA24 /* Article.swift */; };
		474BAD57273DD8C700B7AA24 /* ArticlesList.swift in Sources */ = {isa = PBXBuildFile; fileRef = 474BAD56273DD8C700B7AA24 /* ArticlesList.swift */; };
		474BAD5A273DD99900B7AA24 /* ArticleViewModel.swift in Sources */ = {isa = PBXBuildFile; fileRef = 474BAD59273DD99900B7AA24 /* ArticleViewModel.swift */; };
		474BAD5D273DDF7100B7AA24 /* ArticleTableViewCell.swift in Sources */ = {isa = PBXBuildFile; fileRef = 474BAD5C273DDF7100B7AA24 /* ArticleTableViewCell.swift */; };
		478DEEEF275FA9310058E6B3 /* ArticlesListViewModel.swift in Sources */ = {isa = PBXBuildFile; fileRef = 478DEEEE275FA9310058E6B3 /* ArticlesListViewModel.swift */; };
		478DEEF1275FA9DE0058E6B3 /* Constants.swift in Sources */ = {isa = PBXBuildFile; fileRef = 478DEEF0275FA9DE0058E6B3 /* Constants.swift */; };
		478DEF012760099F0058E6B3 /* NewsDetailsViewController.swift in Sources */ = {isa = PBXBuildFile; fileRef = 478DEF002760099F0058E6B3 /* NewsDetailsViewController.swift */; };
		478DEF04276015FF0058E6B3 /* DetailsViewModel.swift in Sources */ = {isa = PBXBuildFile; fileRef = 478DEF03276015FF0058E6B3 /* DetailsViewModel.swift */; };
		47AF5095273D7A7C001919B3 /* AppDelegate.swift in Sources */ = {isa = PBXBuildFile; fileRef = 47AF5094273D7A7C001919B3 /* AppDelegate.swift */; };
		47AF5097273D7A7C001919B3 /* SceneDelegate.swift in Sources */ = {isa = PBXBuildFile; fileRef = 47AF5096273D7A7C001919B3 /* SceneDelegate.swift */; };
		47AF509F273D7A7C001919B3 /* NewsMVVM.xcdatamodeld in Sources */ = {isa = PBXBuildFile; fileRef = 47AF509D273D7A7C001919B3 /* NewsMVVM.xcdatamodeld */; };
		47AF50A1273D7A7F001919B3 /* Assets.xcassets in Resources */ = {isa = PBXBuildFile; fileRef = 47AF50A0273D7A7F001919B3 /* Assets.xcassets */; };
		47AF50A4273D7A7F001919B3 /* LaunchScreen.storyboard in Resources */ = {isa = PBXBuildFile; fileRef = 47AF50A2273D7A7F001919B3 /* LaunchScreen.storyboard */; };
		47AF50AF273D7A80001919B3 /* NewsMVVMTests.swift in Sources */ = {isa = PBXBuildFile; fileRef = 47AF50AE273D7A80001919B3 /* NewsMVVMTests.swift */; };
		47AF50B9273D7A80001919B3 /* NewsMVVMUITests.swift in Sources */ = {isa = PBXBuildFile; fileRef = 47AF50B8273D7A80001919B3 /* NewsMVVMUITests.swift */; };
		47AF50BB273D7A80001919B3 /* NewsMVVMUITestsLaunchTests.swift in Sources */ = {isa = PBXBuildFile; fileRef = 47AF50BA273D7A80001919B3 /* NewsMVVMUITestsLaunchTests.swift */; };
		47AF50C8273D7B03001919B3 /* ArticlesListTableViewController.swift in Sources */ = {isa = PBXBuildFile; fileRef = 47AF50C7273D7B03001919B3 /* ArticlesListTableViewController.swift */; };
/* End PBXBuildFile section */

/* Begin PBXContainerItemProxy section */
		47AF50AB273D7A80001919B3 /* PBXContainerItemProxy */ = {
			isa = PBXContainerItemProxy;
			containerPortal = 47AF5089273D7A7C001919B3 /* Project object */;
			proxyType = 1;
			remoteGlobalIDString = 47AF5090273D7A7C001919B3;
			remoteInfo = NewsMVVM;
		};
		47AF50B5273D7A80001919B3 /* PBXContainerItemProxy */ = {
			isa = PBXContainerItemProxy;
			containerPortal = 47AF5089273D7A7C001919B3 /* Project object */;
			proxyType = 1;
			remoteGlobalIDString = 47AF5090273D7A7C001919B3;
			remoteInfo = NewsMVVM;
		};
/* End PBXContainerItemProxy section */

/* Begin PBXFileReference section */
		47240E9F276206DB003A90B0 /* Base */ = {isa = PBXFileReference; lastKnownFileType = file.storyboard; name = Base; path = Base.lproj/Main.storyboard; sourceTree = "<group>"; };
		472C776F2758E51500980DD9 /* Readme.md */ = {isa = PBXFileReference; lastKnownFileType = net.daringfireball.markdown; path = Readme.md; sourceTree = "<group>"; };
		474BAD51273DAFBC00B7AA24 /* WebServices.swift */ = {isa = PBXFileReference; lastKnownFileType = sourcecode.swift; path = WebServices.swift; sourceTree = "<group>"; };
		474BAD54273DD07700B7AA24 /* Article.swift */ = {isa = PBXFileReference; lastKnownFileType = sourcecode.swift; path = Article.swift; sourceTree = "<group>"; };
		474BAD56273DD8C700B7AA24 /* ArticlesList.swift */ = {isa = PBXFileReference; lastKnownFileType = sourcecode.swift; path = ArticlesList.swift; sourceTree = "<group>"; };
		474BAD59273DD99900B7AA24 /* ArticleViewModel.swift */ = {isa = PBXFileReference; lastKnownFileType = sourcecode.swift; path = ArticleViewModel.swift; sourceTree = "<group>"; };
		474BAD5C273DDF7100B7AA24 /* ArticleTableViewCell.swift */ = {isa = PBXFileReference; lastKnownFileType = sourcecode.swift; path = ArticleTableViewCell.swift; sourceTree = "<group>"; };
		478DEEEE275FA9310058E6B3 /* ArticlesListViewModel.swift */ = {isa = PBXFileReference; lastKnownFileType = sourcecode.swift; path = ArticlesListViewModel.swift; sourceTree = "<group>"; };
		478DEEF0275FA9DE0058E6B3 /* Constants.swift */ = {isa = PBXFileReference; lastKnownFileType = sourcecode.swift; path = Constants.swift; sourceTree = "<group>"; };
		478DEF002760099F0058E6B3 /* NewsDetailsViewController.swift */ = {isa = PBXFileReference; lastKnownFileType = sourcecode.swift; path = NewsDetailsViewController.swift; sourceTree = "<group>"; };
		478DEF03276015FF0058E6B3 /* DetailsViewModel.swift */ = {isa = PBXFileReference; lastKnownFileType = sourcecode.swift; path = DetailsViewModel.swift; sourceTree = "<group>"; };
		47AF5091273D7A7C001919B3 /* NewsMVVM.app */ = {isa = PBXFileReference; explicitFileType = wrapper.application; includeInIndex = 0; path = NewsMVVM.app; sourceTree = BUILT_PRODUCTS_DIR; };
		47AF5094273D7A7C001919B3 /* AppDelegate.swift */ = {isa = PBXFileReference; lastKnownFileType = sourcecode.swift; path = AppDelegate.swift; sourceTree = "<group>"; };
		47AF5096273D7A7C001919B3 /* SceneDelegate.swift */ = {isa = PBXFileReference; lastKnownFileType = sourcecode.swift; path = SceneDelegate.swift; sourceTree = "<group>"; };
		47AF509E273D7A7C001919B3 /* NewsMVVM.xcdatamodel */ = {isa = PBXFileReference; lastKnownFileType = wrapper.xcdatamodel; path = NewsMVVM.xcdatamodel; sourceTree = "<group>"; };
		47AF50A0273D7A7F001919B3 /* Assets.xcassets */ = {isa = PBXFileReference; lastKnownFileType = folder.assetcatalog; path = Assets.xcassets; sourceTree = "<group>"; };
		47AF50A3273D7A7F001919B3 /* Base */ = {isa = PBXFileReference; lastKnownFileType = file.storyboard; name = Base; path = Base.lproj/LaunchScreen.storyboard; sourceTree = "<group>"; };
		47AF50A5273D7A7F001919B3 /* Info.plist */ = {isa = PBXFileReference; lastKnownFileType = text.plist.xml; path = Info.plist; sourceTree = "<group>"; };
		47AF50AA273D7A80001919B3 /* NewsMVVMTests.xctest */ = {isa = PBXFileReference; explicitFileType = wrapper.cfbundle; includeInIndex = 0; path = NewsMVVMTests.xctest; sourceTree = BUILT_PRODUCTS_DIR; };
		47AF50AE273D7A80001919B3 /* NewsMVVMTests.swift */ = {isa = PBXFileReference; lastKnownFileType = sourcecode.swift; path = NewsMVVMTests.swift; sourceTree = "<group>"; };
		47AF50B4273D7A80001919B3 /* NewsMVVMUITests.xctest */ = {isa = PBXFileReference; explicitFileType = wrapper.cfbundle; includeInIndex = 0; path = NewsMVVMUITests.xctest; sourceTree = BUILT_PRODUCTS_DIR; };
		47AF50B8273D7A80001919B3 /* NewsMVVMUITests.swift */ = {isa = PBXFileReference; lastKnownFileType = sourcecode.swift; path = NewsMVVMUITests.swift; sourceTree = "<group>"; };
		47AF50BA273D7A80001919B3 /* NewsMVVMUITestsLaunchTests.swift */ = {isa = PBXFileReference; lastKnownFileType = sourcecode.swift; path = NewsMVVMUITestsLaunchTests.swift; sourceTree = "<group>"; };
		47AF50C7273D7B03001919B3 /* ArticlesListTableViewController.swift */ = {isa = PBXFileReference; lastKnownFileType = sourcecode.swift; path = ArticlesListTableViewController.swift; sourceTree = "<group>"; };
/* End PBXFileReference section */

/* Begin PBXFrameworksBuildPhase section */
		47AF508E273D7A7C001919B3 /* Frameworks */ = {
			isa = PBXFrameworksBuildPhase;
			buildActionMask = 2147483647;
			files = (
			);
			runOnlyForDeploymentPostprocessing = 0;
		};
		47AF50A7273D7A80001919B3 /* Frameworks */ = {
			isa = PBXFrameworksBuildPhase;
			buildActionMask = 2147483647;
			files = (
			);
			runOnlyForDeploymentPostprocessing = 0;
		};
		47AF50B1273D7A80001919B3 /* Frameworks */ = {
			isa = PBXFrameworksBuildPhase;
			buildActionMask = 2147483647;
			files = (
			);
			runOnlyForDeploymentPostprocessing = 0;
		};
/* End PBXFrameworksBuildPhase section */

/* Begin PBXGroup section */
		474BAD50273DAF8B00B7AA24 /* Services */ = {
			isa = PBXGroup;
			children = (
				474BAD51273DAFBC00B7AA24 /* WebServices.swift */,
				478DEEF0275FA9DE0058E6B3 /* Constants.swift */,
			);
			path = Services;
			sourceTree = "<group>";
		};
		474BAD53273DD05100B7AA24 /* Models */ = {
			isa = PBXGroup;
			children = (
				474BAD54273DD07700B7AA24 /* Article.swift */,
				474BAD56273DD8C700B7AA24 /* ArticlesList.swift */,
			);
			path = Models;
			sourceTree = "<group>";
		};
		474BAD58273DD97300B7AA24 /* ViewModels */ = {
			isa = PBXGroup;
			children = (
				474BAD59273DD99900B7AA24 /* ArticleViewModel.swift */,
				478DEEEE275FA9310058E6B3 /* ArticlesListViewModel.swift */,
			);
			path = ViewModels;
			sourceTree = "<group>";
		};
		474BAD5B273DDF5C00B7AA24 /* Cells */ = {
			isa = PBXGroup;
			children = (
				474BAD5C273DDF7100B7AA24 /* ArticleTableViewCell.swift */,
			);
			path = Cells;
			sourceTree = "<group>";
		};
		478DEEF3276006020058E6B3 /* NewsList */ = {
			isa = PBXGroup;
			children = (
				474BAD58273DD97300B7AA24 /* ViewModels */,
				478DEEF5276006730058E6B3 /* Controllers */,
			);
			path = NewsList;
			sourceTree = "<group>";
		};
		478DEEF5276006730058E6B3 /* Controllers */ = {
			isa = PBXGroup;
			children = (
				47AF50C7273D7B03001919B3 /* ArticlesListTableViewController.swift */,
			);
			path = Controllers;
			sourceTree = "<group>";
		};
		478DEEF62760080F0058E6B3 /* NewsDetails */ = {
			isa = PBXGroup;
			children = (
				478DEF0227600B530058E6B3 /* ViewModels */,
				478DEEF72760086E0058E6B3 /* Controller */,
			);
			path = NewsDetails;
			sourceTree = "<group>";
		};
		478DEEF72760086E0058E6B3 /* Controller */ = {
			isa = PBXGroup;
			children = (
				478DEF002760099F0058E6B3 /* NewsDetailsViewController.swift */,
			);
			path = Controller;
			sourceTree = "<group>";
		};
		478DEF0227600B530058E6B3 /* ViewModels */ = {
			isa = PBXGroup;
			children = (
				478DEF03276015FF0058E6B3 /* DetailsViewModel.swift */,
			);
			path = ViewModels;
			sourceTree = "<group>";
		};
		47AF5088273D7A7C001919B3 = {
			isa = PBXGroup;
			children = (
				472C776F2758E51500980DD9 /* Readme.md */,
				47AF5093273D7A7C001919B3 /* NewsMVVM */,
				47AF50AD273D7A80001919B3 /* NewsMVVMTests */,
				47AF50B7273D7A80001919B3 /* NewsMVVMUITests */,
				47AF5092273D7A7C001919B3 /* Products */,
			);
			sourceTree = "<group>";
		};
		47AF5092273D7A7C001919B3 /* Products */ = {
			isa = PBXGroup;
			children = (
				47AF5091273D7A7C001919B3 /* NewsMVVM.app */,
				47AF50AA273D7A80001919B3 /* NewsMVVMTests.xctest */,
				47AF50B4273D7A80001919B3 /* NewsMVVMUITests.xctest */,
			);
			name = Products;
			sourceTree = "<group>";
		};
		47AF5093273D7A7C001919B3 /* NewsMVVM */ = {
			isa = PBXGroup;
			children = (
				47AF5096273D7A7C001919B3 /* SceneDelegate.swift */,
				47AF5094273D7A7C001919B3 /* AppDelegate.swift */,
				478DEEF3276006020058E6B3 /* NewsList */,
				478DEEF62760080F0058E6B3 /* NewsDetails */,
				474BAD53273DD05100B7AA24 /* Models */,
				474BAD50273DAF8B00B7AA24 /* Services */,
				474BAD5B273DDF5C00B7AA24 /* Cells */,
				47AF50A0273D7A7F001919B3 /* Assets.xcassets */,
				47240E9E276206DB003A90B0 /* Main.storyboard */,
				47AF50A2273D7A7F001919B3 /* LaunchScreen.storyboard */,
				47AF50A5273D7A7F001919B3 /* Info.plist */,
				47AF509D273D7A7C001919B3 /* NewsMVVM.xcdatamodeld */,
			);
			path = NewsMVVM;
			sourceTree = "<group>";
		};
		47AF50AD273D7A80001919B3 /* NewsMVVMTests */ = {
			isa = PBXGroup;
			children = (
				47AF50AE273D7A80001919B3 /* NewsMVVMTests.swift */,
			);
			path = NewsMVVMTests;
			sourceTree = "<group>";
		};
		47AF50B7273D7A80001919B3 /* NewsMVVMUITests */ = {
			isa = PBXGroup;
			children = (
				47AF50B8273D7A80001919B3 /* NewsMVVMUITests.swift */,
				47AF50BA273D7A80001919B3 /* NewsMVVMUITestsLaunchTests.swift */,
			);
			path = NewsMVVMUITests;
			sourceTree = "<group>";
		};
/* End PBXGroup section */

/* Begin PBXNativeTarget section */
		47AF5090273D7A7C001919B3 /* NewsMVVM */ = {
			isa = PBXNativeTarget;
			buildConfigurationList = 47AF50BE273D7A80001919B3 /* Build configuration list for PBXNativeTarget "NewsMVVM" */;
			buildPhases = (
				47AF508D273D7A7C001919B3 /* Sources */,
				47AF508E273D7A7C001919B3 /* Frameworks */,
				47AF508F273D7A7C001919B3 /* Resources */,
			);
			buildRules = (
			);
			dependencies = (
			);
			name = NewsMVVM;
			productName = NewsMVVM;
			productReference = 47AF5091273D7A7C001919B3 /* NewsMVVM.app */;
			productType = "com.apple.product-type.application";
		};
		47AF50A9273D7A80001919B3 /* NewsMVVMTests */ = {
			isa = PBXNativeTarget;
			buildConfigurationList = 47AF50C1273D7A80001919B3 /* Build configuration list for PBXNativeTarget "NewsMVVMTests" */;
			buildPhases = (
				47AF50A6273D7A80001919B3 /* Sources */,
				47AF50A7273D7A80001919B3 /* Frameworks */,
				47AF50A8273D7A80001919B3 /* Resources */,
			);
			buildRules = (
			);
			dependencies = (
				47AF50AC273D7A80001919B3 /* PBXTargetDependency */,
			);
			name = NewsMVVMTests;
			productName = NewsMVVMTests;
			productReference = 47AF50AA273D7A80001919B3 /* NewsMVVMTests.xctest */;
			productType = "com.apple.product-type.bundle.unit-test";
		};
		47AF50B3273D7A80001919B3 /* NewsMVVMUITests */ = {
			isa = PBXNativeTarget;
			buildConfigurationList = 47AF50C4273D7A80001919B3 /* Build configuration list for PBXNativeTarget "NewsMVVMUITests" */;
			buildPhases = (
				47AF50B0273D7A80001919B3 /* Sources */,
				47AF50B1273D7A80001919B3 /* Frameworks */,
				47AF50B2273D7A80001919B3 /* Resources */,
			);
			buildRules = (
			);
			dependencies = (
				47AF50B6273D7A80001919B3 /* PBXTargetDependency */,
			);
			name = NewsMVVMUITests;
			productName = NewsMVVMUITests;
			productReference = 47AF50B4273D7A80001919B3 /* NewsMVVMUITests.xctest */;
			productType = "com.apple.product-type.bundle.ui-testing";
		};
/* End PBXNativeTarget section */

/* Begin PBXProject section */
		47AF5089273D7A7C001919B3 /* Project object */ = {
			isa = PBXProject;
			attributes = {
				BuildIndependentTargetsInParallel = 1;
				LastSwiftUpdateCheck = 1310;
				LastUpgradeCheck = 1310;
				TargetAttributes = {
					47AF5090273D7A7C001919B3 = {
						CreatedOnToolsVersion = 13.1;
					};
					47AF50A9273D7A80001919B3 = {
						CreatedOnToolsVersion = 13.1;
						TestTargetID = 47AF5090273D7A7C001919B3;
					};
					47AF50B3273D7A80001919B3 = {
						CreatedOnToolsVersion = 13.1;
						TestTargetID = 47AF5090273D7A7C001919B3;
					};
				};
			};
			buildConfigurationList = 47AF508C273D7A7C001919B3 /* Build configuration list for PBXProject "NewsMVVM" */;
			compatibilityVersion = "Xcode 13.0";
			developmentRegion = en;
			hasScannedForEncodings = 0;
			knownRegions = (
				en,
				Base,
			);
			mainGroup = 47AF5088273D7A7C001919B3;
			productRefGroup = 47AF5092273D7A7C001919B3 /* Products */;
			projectDirPath = "";
			projectRoot = "";
			targets = (
				47AF5090273D7A7C001919B3 /* NewsMVVM */,
				47AF50A9273D7A80001919B3 /* NewsMVVMTests */,
				47AF50B3273D7A80001919B3 /* NewsMVVMUITests */,
			);
		};
/* End PBXProject section */

/* Begin PBXResourcesBuildPhase section */
		47AF508F273D7A7C001919B3 /* Resources */ = {
			isa = PBXResourcesBuildPhase;
			buildActionMask = 2147483647;
			files = (
				47AF50A4273D7A7F001919B3 /* LaunchScreen.storyboard in Resources */,
				472C77702758E51500980DD9 /* Readme.md in Resources */,
				47AF50A1273D7A7F001919B3 /* Assets.xcassets in Resources */,
				47240EA0276206DB003A90B0 /* Main.storyboard in Resources */,
			);
			runOnlyForDeploymentPostprocessing = 0;
		};
		47AF50A8273D7A80001919B3 /* Resources */ = {
			isa = PBXResourcesBuildPhase;
			buildActionMask = 2147483647;
			files = (
			);
			runOnlyForDeploymentPostprocessing = 0;
		};
		47AF50B2273D7A80001919B3 /* Resources */ = {
			isa = PBXResourcesBuildPhase;
			buildActionMask = 2147483647;
			files = (
			);
			runOnlyForDeploymentPostprocessing = 0;
		};
/* End PBXResourcesBuildPhase section */

/* Begin PBXSourcesBuildPhase section */
		47AF508D273D7A7C001919B3 /* Sources */ = {
			isa = PBXSourcesBuildPhase;
			buildActionMask = 2147483647;
			files = (
				478DEF04276015FF0058E6B3 /* DetailsViewModel.swift in Sources */,
				478DEEEF275FA9310058E6B3 /* ArticlesListViewModel.swift in Sources */,
				474BAD57273DD8C700B7AA24 /* ArticlesList.swift in Sources */,
				474BAD5D273DDF7100B7AA24 /* ArticleTableViewCell.swift in Sources */,
				474BAD5A273DD99900B7AA24 /* ArticleViewModel.swift in Sources */,
				47AF50C8273D7B03001919B3 /* ArticlesListTableViewController.swift in Sources */,
				478DEF012760099F0058E6B3 /* NewsDetailsViewController.swift in Sources */,
				474BAD52273DAFBC00B7AA24 /* WebServices.swift in Sources */,
				474BAD55273DD07700B7AA24 /* Article.swift in Sources */,
				47AF509F273D7A7C001919B3 /* NewsMVVM.xcdatamodeld in Sources */,
				47AF5095273D7A7C001919B3 /* AppDelegate.swift in Sources */,
				47AF5097273D7A7C001919B3 /* SceneDelegate.swift in Sources */,
				478DEEF1275FA9DE0058E6B3 /* Constants.swift in Sources */,
			);
			runOnlyForDeploymentPostprocessing = 0;
		};
		47AF50A6273D7A80001919B3 /* Sources */ = {
			isa = PBXSourcesBuildPhase;
			buildActionMask = 2147483647;
			files = (
				47AF50AF273D7A80001919B3 /* NewsMVVMTests.swift in Sources */,
			);
			runOnlyForDeploymentPostprocessing = 0;
		};
		47AF50B0273D7A80001919B3 /* Sources */ = {
			isa = PBXSourcesBuildPhase;
			buildActionMask = 2147483647;
			files = (
				47AF50BB273D7A80001919B3 /* NewsMVVMUITestsLaunchTests.swift in Sources */,
				47AF50B9273D7A80001919B3 /* NewsMVVMUITests.swift in Sources */,
			);
			runOnlyForDeploymentPostprocessing = 0;
		};
/* End PBXSourcesBuildPhase section */

/* Begin PBXTargetDependency section */
		47AF50AC273D7A80001919B3 /* PBXTargetDependency */ = {
			isa = PBXTargetDependency;
			target = 47AF5090273D7A7C001919B3 /* NewsMVVM */;
			targetProxy = 47AF50AB273D7A80001919B3 /* PBXContainerItemProxy */;
		};
		47AF50B6273D7A80001919B3 /* PBXTargetDependency */ = {
			isa = PBXTargetDependency;
			target = 47AF5090273D7A7C001919B3 /* NewsMVVM */;
			targetProxy = 47AF50B5273D7A80001919B3 /* PBXContainerItemProxy */;
		};
/* End PBXTargetDependency section */

/* Begin PBXVariantGroup section */
		47240E9E276206DB003A90B0 /* Main.storyboard */ = {
			isa = PBXVariantGroup;
			children = (
				47240E9F276206DB003A90B0 /* Base */,
			);
			name = Main.storyboard;
			sourceTree = "<group>";
		};
		47AF50A2273D7A7F001919B3 /* LaunchScreen.storyboard */ = {
			isa = PBXVariantGroup;
			children = (
				47AF50A3273D7A7F001919B3 /* Base */,
			);
			name = LaunchScreen.storyboard;
			sourceTree = "<group>";
		};
/* End PBXVariantGroup section */

/* Begin XCBuildConfiguration section */
		47AF50BC273D7A80001919B3 /* Debug */ = {
			isa = XCBuildConfiguration;
			buildSettings = {
				ALWAYS_SEARCH_USER_PATHS = NO;
				CLANG_ANALYZER_NONNULL = YES;
				CLANG_ANALYZER_NUMBER_OBJECT_CONVERSION = YES_AGGRESSIVE;
				CLANG_CXX_LANGUAGE_STANDARD = "gnu++17";
				CLANG_CXX_LIBRARY = "libc++";
				CLANG_ENABLE_MODULES = YES;
				CLANG_ENABLE_OBJC_ARC = YES;
				CLANG_ENABLE_OBJC_WEAK = YES;
				CLANG_WARN_BLOCK_CAPTURE_AUTORELEASING = YES;
				CLANG_WARN_BOOL_CONVERSION = YES;
				CLANG_WARN_COMMA = YES;
				CLANG_WARN_CONSTANT_CONVERSION = YES;
				CLANG_WARN_DEPRECATED_OBJC_IMPLEMENTATIONS = YES;
				CLANG_WARN_DIRECT_OBJC_ISA_USAGE = YES_ERROR;
				CLANG_WARN_DOCUMENTATION_COMMENTS = YES;
				CLANG_WARN_EMPTY_BODY = YES;
				CLANG_WARN_ENUM_CONVERSION = YES;
				CLANG_WARN_INFINITE_RECURSION = YES;
				CLANG_WARN_INT_CONVERSION = YES;
				CLANG_WARN_NON_LITERAL_NULL_CONVERSION = YES;
				CLANG_WARN_OBJC_IMPLICIT_RETAIN_SELF = YES;
				CLANG_WARN_OBJC_LITERAL_CONVERSION = YES;
				CLANG_WARN_OBJC_ROOT_CLASS = YES_ERROR;
				CLANG_WARN_QUOTED_INCLUDE_IN_FRAMEWORK_HEADER = YES;
				CLANG_WARN_RANGE_LOOP_ANALYSIS = YES;
				CLANG_WARN_STRICT_PROTOTYPES = YES;
				CLANG_WARN_SUSPICIOUS_MOVE = YES;
				CLANG_WARN_UNGUARDED_AVAILABILITY = YES_AGGRESSIVE;
				CLANG_WARN_UNREACHABLE_CODE = YES;
				CLANG_WARN__DUPLICATE_METHOD_MATCH = YES;
				COPY_PHASE_STRIP = NO;
				DEBUG_INFORMATION_FORMAT = dwarf;
				ENABLE_STRICT_OBJC_MSGSEND = YES;
				ENABLE_TESTABILITY = YES;
				GCC_C_LANGUAGE_STANDARD = gnu11;
				GCC_DYNAMIC_NO_PIC = NO;
				GCC_NO_COMMON_BLOCKS = YES;
				GCC_OPTIMIZATION_LEVEL = 0;
				GCC_PREPROCESSOR_DEFINITIONS = (
					"DEBUG=1",
					"$(inherited)",
				);
				GCC_WARN_64_TO_32_BIT_CONVERSION = YES;
				GCC_WARN_ABOUT_RETURN_TYPE = YES_ERROR;
				GCC_WARN_UNDECLARED_SELECTOR = YES;
				GCC_WARN_UNINITIALIZED_AUTOS = YES_AGGRESSIVE;
				GCC_WARN_UNUSED_FUNCTION = YES;
				GCC_WARN_UNUSED_VARIABLE = YES;
				IPHONEOS_DEPLOYMENT_TARGET = 15.0;
				MTL_ENABLE_DEBUG_INFO = INCLUDE_SOURCE;
				MTL_FAST_MATH = YES;
				ONLY_ACTIVE_ARCH = YES;
				SDKROOT = iphoneos;
				SWIFT_ACTIVE_COMPILATION_CONDITIONS = DEBUG;
				SWIFT_OPTIMIZATION_LEVEL = "-Onone";
			};
			name = Debug;
		};
		47AF50BD273D7A80001919B3 /* Release */ = {
			isa = XCBuildConfiguration;
			buildSettings = {
				ALWAYS_SEARCH_USER_PATHS = NO;
				CLANG_ANALYZER_NONNULL = YES;
				CLANG_ANALYZER_NUMBER_OBJECT_CONVERSION = YES_AGGRESSIVE;
				CLANG_CXX_LANGUAGE_STANDARD = "gnu++17";
				CLANG_CXX_LIBRARY = "libc++";
				CLANG_ENABLE_MODULES = YES;
				CLANG_ENABLE_OBJC_ARC = YES;
				CLANG_ENABLE_OBJC_WEAK = YES;
				CLANG_WARN_BLOCK_CAPTURE_AUTORELEASING = YES;
				CLANG_WARN_BOOL_CONVERSION = YES;
				CLANG_WARN_COMMA = YES;
				CLANG_WARN_CONSTANT_CONVERSION = YES;
				CLANG_WARN_DEPRECATED_OBJC_IMPLEMENTATIONS = YES;
				CLANG_WARN_DIRECT_OBJC_ISA_USAGE = YES_ERROR;
				CLANG_WARN_DOCUMENTATION_COMMENTS = YES;
				CLANG_WARN_EMPTY_BODY = YES;
				CLANG_WARN_ENUM_CONVERSION = YES;
				CLANG_WARN_INFINITE_RECURSION = YES;
				CLANG_WARN_INT_CONVERSION = YES;
				CLANG_WARN_NON_LITERAL_NULL_CONVERSION = YES;
				CLANG_WARN_OBJC_IMPLICIT_RETAIN_SELF = YES;
				CLANG_WARN_OBJC_LITERAL_CONVERSION = YES;
				CLANG_WARN_OBJC_ROOT_CLASS = YES_ERROR;
				CLANG_WARN_QUOTED_INCLUDE_IN_FRAMEWORK_HEADER = YES;
				CLANG_WARN_RANGE_LOOP_ANALYSIS = YES;
				CLANG_WARN_STRICT_PROTOTYPES = YES;
				CLANG_WARN_SUSPICIOUS_MOVE = YES;
				CLANG_WARN_UNGUARDED_AVAILABILITY = YES_AGGRESSIVE;
				CLANG_WARN_UNREACHABLE_CODE = YES;
				CLANG_WARN__DUPLICATE_METHOD_MATCH = YES;
				COPY_PHASE_STRIP = NO;
				DEBUG_INFORMATION_FORMAT = "dwarf-with-dsym";
				ENABLE_NS_ASSERTIONS = NO;
				ENABLE_STRICT_OBJC_MSGSEND = YES;
				GCC_C_LANGUAGE_STANDARD = gnu11;
				GCC_NO_COMMON_BLOCKS = YES;
				GCC_WARN_64_TO_32_BIT_CONVERSION = YES;
				GCC_WARN_ABOUT_RETURN_TYPE = YES_ERROR;
				GCC_WARN_UNDECLARED_SELECTOR = YES;
				GCC_WARN_UNINITIALIZED_AUTOS = YES_AGGRESSIVE;
				GCC_WARN_UNUSED_FUNCTION = YES;
				GCC_WARN_UNUSED_VARIABLE = YES;
				IPHONEOS_DEPLOYMENT_TARGET = 15.0;
				MTL_ENABLE_DEBUG_INFO = NO;
				MTL_FAST_MATH = YES;
				SDKROOT = iphoneos;
				SWIFT_COMPILATION_MODE = wholemodule;
				SWIFT_OPTIMIZATION_LEVEL = "-O";
				VALIDATE_PRODUCT = YES;
			};
			name = Release;
		};
		47AF50BF273D7A80001919B3 /* Debug */ = {
			isa = XCBuildConfiguration;
			buildSettings = {
				ASSETCATALOG_COMPILER_APPICON_NAME = AppIcon;
				ASSETCATALOG_COMPILER_GLOBAL_ACCENT_COLOR_NAME = AccentColor;
				CODE_SIGN_STYLE = Automatic;
				CURRENT_PROJECT_VERSION = 1;
				GENERATE_INFOPLIST_FILE = YES;
				INFOPLIST_FILE = NewsMVVM/Info.plist;
				INFOPLIST_KEY_UIApplicationSupportsIndirectInputEvents = YES;
				INFOPLIST_KEY_UILaunchStoryboardName = LaunchScreen;
				INFOPLIST_KEY_UIMainStoryboardFile = Main;
				INFOPLIST_KEY_UISupportedInterfaceOrientations_iPad = "UIInterfaceOrientationPortrait UIInterfaceOrientationPortraitUpsideDown UIInterfaceOrientationLandscapeLeft UIInterfaceOrientationLandscapeRight";
				INFOPLIST_KEY_UISupportedInterfaceOrientations_iPhone = "UIInterfaceOrientationPortrait UIInterfaceOrientationLandscapeLeft UIInterfaceOrientationLandscapeRight";
				LD_RUNPATH_SEARCH_PATHS = (
					"$(inherited)",
					"@executable_path/Frameworks",
				);
				MARKETING_VERSION = 1.0;
				PRODUCT_BUNDLE_IDENTIFIER = com.saad.NewsMVVM;
				PRODUCT_NAME = "$(TARGET_NAME)";
				SWIFT_EMIT_LOC_STRINGS = YES;
				SWIFT_VERSION = 5.0;
				TARGETED_DEVICE_FAMILY = "1,2";
			};
			name = Debug;
		};
		47AF50C0273D7A80001919B3 /* Release */ = {
			isa = XCBuildConfiguration;
			buildSettings = {
				ASSETCATALOG_COMPILER_APPICON_NAME = AppIcon;
				ASSETCATALOG_COMPILER_GLOBAL_ACCENT_COLOR_NAME = AccentColor;
				CODE_SIGN_STYLE = Automatic;
				CURRENT_PROJECT_VERSION = 1;
				GENERATE_INFOPLIST_FILE = YES;
				INFOPLIST_FILE = NewsMVVM/Info.plist;
				INFOPLIST_KEY_UIApplicationSupportsIndirectInputEvents = YES;
				INFOPLIST_KEY_UILaunchStoryboardName = LaunchScreen;
				INFOPLIST_KEY_UIMainStoryboardFile = Main;
				INFOPLIST_KEY_UISupportedInterfaceOrientations_iPad = "UIInterfaceOrientationPortrait UIInterfaceOrientationPortraitUpsideDown UIInterfaceOrientationLandscapeLeft UIInterfaceOrientationLandscapeRight";
				INFOPLIST_KEY_UISupportedInterfaceOrientations_iPhone = "UIInterfaceOrientationPortrait UIInterfaceOrientationLandscapeLeft UIInterfaceOrientationLandscapeRight";
				LD_RUNPATH_SEARCH_PATHS = (
					"$(inherited)",
					"@executable_path/Frameworks",
				);
				MARKETING_VERSION = 1.0;
				PRODUCT_BUNDLE_IDENTIFIER = com.saad.NewsMVVM;
				PRODUCT_NAME = "$(TARGET_NAME)";
				SWIFT_EMIT_LOC_STRINGS = YES;
				SWIFT_VERSION = 5.0;
				TARGETED_DEVICE_FAMILY = "1,2";
			};
			name = Release;
		};
		47AF50C2273D7A80001919B3 /* Debug */ = {
			isa = XCBuildConfiguration;
			buildSettings = {
				ALWAYS_EMBED_SWIFT_STANDARD_LIBRARIES = YES;
				BUNDLE_LOADER = "$(TEST_HOST)";
				CODE_SIGN_STYLE = Automatic;
				CURRENT_PROJECT_VERSION = 1;
				GENERATE_INFOPLIST_FILE = YES;
				IPHONEOS_DEPLOYMENT_TARGET = 15.0;
				LD_RUNPATH_SEARCH_PATHS = (
					"$(inherited)",
					"@executable_path/Frameworks",
					"@loader_path/Frameworks",
				);
				MARKETING_VERSION = 1.0;
				PRODUCT_BUNDLE_IDENTIFIER = com.saad.NewsMVVMTests;
				PRODUCT_NAME = "$(TARGET_NAME)";
				SWIFT_EMIT_LOC_STRINGS = NO;
				SWIFT_VERSION = 5.0;
				TARGETED_DEVICE_FAMILY = "1,2";
				TEST_HOST = "$(BUILT_PRODUCTS_DIR)/NewsMVVM.app/NewsMVVM";
			};
			name = Debug;
		};
		47AF50C3273D7A80001919B3 /* Release */ = {
			isa = XCBuildConfiguration;
			buildSettings = {
				ALWAYS_EMBED_SWIFT_STANDARD_LIBRARIES = YES;
				BUNDLE_LOADER = "$(TEST_HOST)";
				CODE_SIGN_STYLE = Automatic;
				CURRENT_PROJECT_VERSION = 1;
				GENERATE_INFOPLIST_FILE = YES;
				IPHONEOS_DEPLOYMENT_TARGET = 15.0;
				LD_RUNPATH_SEARCH_PATHS = (
					"$(inherited)",
					"@executable_path/Frameworks",
					"@loader_path/Frameworks",
				);
				MARKETING_VERSION = 1.0;
				PRODUCT_BUNDLE_IDENTIFIER = com.saad.NewsMVVMTests;
				PRODUCT_NAME = "$(TARGET_NAME)";
				SWIFT_EMIT_LOC_STRINGS = NO;
				SWIFT_VERSION = 5.0;
				TARGETED_DEVICE_FAMILY = "1,2";
				TEST_HOST = "$(BUILT_PRODUCTS_DIR)/NewsMVVM.app/NewsMVVM";
			};
			name = Release;
		};
		47AF50C5273D7A80001919B3 /* Debug */ = {
			isa = XCBuildConfiguration;
			buildSettings = {
				ALWAYS_EMBED_SWIFT_STANDARD_LIBRARIES = YES;
				CODE_SIGN_STYLE = Automatic;
				CURRENT_PROJECT_VERSION = 1;
				GENERATE_INFOPLIST_FILE = YES;
				LD_RUNPATH_SEARCH_PATHS = (
					"$(inherited)",
					"@executable_path/Frameworks",
					"@loader_path/Frameworks",
				);
				MARKETING_VERSION = 1.0;
				PRODUCT_BUNDLE_IDENTIFIER = com.saad.NewsMVVMUITests;
				PRODUCT_NAME = "$(TARGET_NAME)";
				SWIFT_EMIT_LOC_STRINGS = NO;
				SWIFT_VERSION = 5.0;
				TARGETED_DEVICE_FAMILY = "1,2";
				TEST_TARGET_NAME = NewsMVVM;
			};
			name = Debug;
		};
		47AF50C6273D7A80001919B3 /* Release */ = {
			isa = XCBuildConfiguration;
			buildSettings = {
				ALWAYS_EMBED_SWIFT_STANDARD_LIBRARIES = YES;
				CODE_SIGN_STYLE = Automatic;
				CURRENT_PROJECT_VERSION = 1;
				GENERATE_INFOPLIST_FILE = YES;
				LD_RUNPATH_SEARCH_PATHS = (
					"$(inherited)",
					"@executable_path/Frameworks",
					"@loader_path/Frameworks",
				);
				MARKETING_VERSION = 1.0;
				PRODUCT_BUNDLE_IDENTIFIER = com.saad.NewsMVVMUITests;
				PRODUCT_NAME = "$(TARGET_NAME)";
				SWIFT_EMIT_LOC_STRINGS = NO;
				SWIFT_VERSION = 5.0;
				TARGETED_DEVICE_FAMILY = "1,2";
				TEST_TARGET_NAME = NewsMVVM;
			};
			name = Release;
		};
/* End XCBuildConfiguration section */

/* Begin XCConfigurationList section */
		47AF508C273D7A7C001919B3 /* Build configuration list for PBXProject "NewsMVVM" */ = {
			isa = XCConfigurationList;
			buildConfigurations = (
				47AF50BC273D7A80001919B3 /* Debug */,
				47AF50BD273D7A80001919B3 /* Release */,
			);
			defaultConfigurationIsVisible = 0;
			defaultConfigurationName = Release;
		};
		47AF50BE273D7A80001919B3 /* Build configuration list for PBXNativeTarget "NewsMVVM" */ = {
			isa = XCConfigurationList;
			buildConfigurations = (
				47AF50BF273D7A80001919B3 /* Debug */,
				47AF50C0273D7A80001919B3 /* Release */,
			);
			defaultConfigurationIsVisible = 0;
			defaultConfigurationName = Release;
		};
		47AF50C1273D7A80001919B3 /* Build configuration list for PBXNativeTarget "NewsMVVMTests" */ = {
			isa = XCConfigurationList;
			buildConfigurations = (
				47AF50C2273D7A80001919B3 /* Debug */,
				47AF50C3273D7A80001919B3 /* Release */,
			);
			defaultConfigurationIsVisible = 0;
			defaultConfigurationName = Release;
		};
		47AF50C4273D7A80001919B3 /* Build configuration list for PBXNativeTarget "NewsMVVMUITests" */ = {
			isa = XCConfigurationList;
			buildConfigurations = (
				47AF50C5273D7A80001919B3 /* Debug */,
				47AF50C6273D7A80001919B3 /* Release */,
			);
			defaultConfigurationIsVisible = 0;
			defaultConfigurationName = Release;
		};
/* End XCConfigurationList section */

/* Begin XCVersionGroup section */
		47AF509D273D7A7C001919B3 /* NewsMVVM.xcdatamodeld */ = {
			isa = XCVersionGroup;
			children = (
				47AF509E273D7A7C001919B3 /* NewsMVVM.xcdatamodel */,
			);
			currentVersion = 47AF509E273D7A7C001919B3 /* NewsMVVM.xcdatamodel */;
			path = NewsMVVM.xcdatamodeld;
			sourceTree = "<group>";
			versionGroupType = wrapper.xcdatamodel;
		};
/* End XCVersionGroup section */
	};
	rootObject = 47AF5089273D7A7C001919B3 /* Project object */;
}
